// !$*UTF8*$!
{
	archiveVersion = 1;
	classes = {
	};
	objectVersion = 46;
	objects = {

/* Begin PBXBuildFile section */
		4C1D2C2413ACBC870023E89E /* main.cpp in Sources */ = {isa = PBXBuildFile; fileRef = 4C1D2C2313ACBC870023E89E /* main.cpp */; };
/* End PBXBuildFile section */

/* Begin PBXCopyFilesBuildPhase section */
		4C1D2C1D13ACBC870023E89E /* CopyFiles */ = {
			isa = PBXCopyFilesBuildPhase;
			buildActionMask = 2147483647;
			dstPath = /usr/share/man/man1/;
			dstSubfolderSpec = 0;
			files = (
			);
			runOnlyForDeploymentPostprocessing = 1;
		};
/* End PBXCopyFilesBuildPhase section */

/* Begin PBXFileReference section */
		4C1D2C1F13ACBC870023E89E /* 969-Równanie kwadratowe */ = {isa = PBXFileReference; explicitFileType = "compiled.mach-o.executable"; includeInIndex = 0; path = "969-Równanie kwadratowe"; sourceTree = BUILT_PRODUCTS_DIR; };
		4C1D2C2313ACBC870023E89E /* main.cpp */ = {isa = PBXFileReference; lastKnownFileType = sourcecode.cpp.cpp; path = main.cpp; sourceTree = "<group>"; };
		4C1D2C2513ACBC870023E89E /* _69_Ro_wnanie_kwadratowe.1 */ = {isa = PBXFileReference; lastKnownFileType = text.man; path = _69_Ro_wnanie_kwadratowe.1; sourceTree = "<group>"; };
/* End PBXFileReference section */

/* Begin PBXFrameworksBuildPhase section */
		4C1D2C1C13ACBC870023E89E /* Frameworks */ = {
			isa = PBXFrameworksBuildPhase;
			buildActionMask = 2147483647;
			files = (
			);
			runOnlyForDeploymentPostprocessing = 0;
		};
/* End PBXFrameworksBuildPhase section */

/* Begin PBXGroup section */
		4C1D2C1413ACBC870023E89E = {
			isa = PBXGroup;
			children = (
				4C1D2C2213ACBC870023E89E /* 969-Równanie kwadratowe */,
				4C1D2C2013ACBC870023E89E /* Products */,
			);
			sourceTree = "<group>";
		};
		4C1D2C2013ACBC870023E89E /* Products */ = {
			isa = PBXGroup;
			children = (
				4C1D2C1F13ACBC870023E89E /* 969-Równanie kwadratowe */,
			);
			name = Products;
			sourceTree = "<group>";
		};
		4C1D2C2213ACBC870023E89E /* 969-Równanie kwadratowe */ = {
			isa = PBXGroup;
			children = (
				4C1D2C2313ACBC870023E89E /* main.cpp */,
				4C1D2C2513ACBC870023E89E /* _69_Ro_wnanie_kwadratowe.1 */,
			);
			path = "969-Równanie kwadratowe";
			sourceTree = "<group>";
		};
/* End PBXGroup section */

/* Begin PBXNativeTarget section */
		4C1D2C1E13ACBC870023E89E /* 969-Równanie kwadratowe */ = {
			isa = PBXNativeTarget;
			buildConfigurationList = 4C1D2C2813ACBC870023E89E /* Build configuration list for PBXNativeTarget "969-Równanie kwadratowe" */;
			buildPhases = (
				4C1D2C1B13ACBC870023E89E /* Sources */,
				4C1D2C1C13ACBC870023E89E /* Frameworks */,
				4C1D2C1D13ACBC870023E89E /* CopyFiles */,
			);
			buildRules = (
			);
			dependencies = (
			);
			name = "969-Równanie kwadratowe";
			productName = "969-Równanie kwadratowe";
			productReference = 4C1D2C1F13ACBC870023E89E /* 969-Równanie kwadratowe */;
			productType = "com.apple.product-type.tool";
		};
/* End PBXNativeTarget section */

/* Begin PBXProject section */
		4C1D2C1613ACBC870023E89E /* Project object */ = {
			isa = PBXProject;
			attributes = {
				ORGANIZATIONNAME = Studen;
			};
			buildConfigurationList = 4C1D2C1913ACBC870023E89E /* Build configuration list for PBXProject "969-Równanie kwadratowe" */;
			compatibilityVersion = "Xcode 3.2";
			developmentRegion = English;
			hasScannedForEncodings = 0;
			knownRegions = (
				en,
			);
			mainGroup = 4C1D2C1413ACBC870023E89E;
			productRefGroup = 4C1D2C2013ACBC870023E89E /* Products */;
			projectDirPath = "";
			projectRoot = "";
			targets = (
				4C1D2C1E13ACBC870023E89E /* 969-Równanie kwadratowe */,
			);
		};
/* End PBXProject section */

/* Begin PBXSourcesBuildPhase section */
		4C1D2C1B13ACBC870023E89E /* Sources */ = {
			isa = PBXSourcesBuildPhase;
			buildActionMask = 2147483647;
			files = (
				4C1D2C2413ACBC870023E89E /* main.cpp in Sources */,
			);
			runOnlyForDeploymentPostprocessing = 0;
		};
/* End PBXSourcesBuildPhase section */

/* Begin XCBuildConfiguration section */
		4C1D2C2613ACBC870023E89E /* Debug */ = {
			isa = XCBuildConfiguration;
			buildSettings = {
				ARCHS = "$(ARCHS_STANDARD_32_64_BIT)";
				GCC_C_LANGUAGE_STANDARD = gnu99;
				GCC_OPTIMIZATION_LEVEL = 0;
				GCC_PREPROCESSOR_DEFINITIONS = DEBUG;
				GCC_SYMBOLS_PRIVATE_EXTERN = NO;
				GCC_VERSION = com.apple.compilers.llvm.clang.1_0;
				GCC_WARN_64_TO_32_BIT_CONVERSION = YES;
				GCC_WARN_ABOUT_RETURN_TYPE = YES;
				GCC_WARN_UNUSED_VARIABLE = YES;
				MACOSX_DEPLOYMENT_TARGET = 10.6;
				ONLY_ACTIVE_ARCH = YES;
				SDKROOT = macosx;
			};
			name = Debug;
		};
		4C1D2C2713ACBC870023E89E /* Release */ = {
			isa = XCBuildConfiguration;
			buildSettings = {
				ARCHS = "$(ARCHS_STANDARD_32_64_BIT)";
				GCC_C_LANGUAGE_STANDARD = gnu99;
				GCC_VERSION = com.apple.compilers.llvm.clang.1_0;
				GCC_WARN_64_TO_32_BIT_CONVERSION = YES;
				GCC_WARN_ABOUT_RETURN_TYPE = YES;
				GCC_WARN_UNUSED_VARIABLE = YES;
				MACOSX_DEPLOYMENT_TARGET = 10.6;
				SDKROOT = macosx;
			};
			name = Release;
		};
		4C1D2C2913ACBC870023E89E /* Debug */ = {
			isa = XCBuildConfiguration;
			buildSettings = {
				ALWAYS_SEARCH_USER_PATHS = NO;
				COPY_PHASE_STRIP = NO;
				GCC_DYNAMIC_NO_PIC = NO;
				GCC_ENABLE_OBJC_EXCEPTIONS = YES;
				PRODUCT_NAME = "$(TARGET_NAME)";
			};
			name = Debug;
		};
		4C1D2C2A13ACBC870023E89E /* Release */ = {
			isa = XCBuildConfiguration;
			buildSettings = {
				ALWAYS_SEARCH_USER_PATHS = NO;
				COPY_PHASE_STRIP = YES;
				DEBUG_INFORMATION_FORMAT = "dwarf-with-dsym";
				GCC_ENABLE_OBJC_EXCEPTIONS = YES;
				PRODUCT_NAME = "$(TARGET_NAME)";
			};
			name = Release;
		};
/* End XCBuildConfiguration section */

/* Begin XCConfigurationList section */
		4C1D2C1913ACBC870023E89E /* Build configuration list for PBXProject "969-Równanie kwadratowe" */ = {
			isa = XCConfigurationList;
			buildConfigurations = (
				4C1D2C2613ACBC870023E89E /* Debug */,
				4C1D2C2713ACBC870023E89E /* Release */,
			);
			defaultConfigurationIsVisible = 0;
			defaultConfigurationName = Release;
		};
		4C1D2C2813ACBC870023E89E /* Build configuration list for PBXNativeTarget "969-Równanie kwadratowe" */ = {
			isa = XCConfigurationList;
			buildConfigurations = (
				4C1D2C2913ACBC870023E89E /* Debug */,
				4C1D2C2A13ACBC870023E89E /* Release */,
			);
			defaultConfigurationIsVisible = 0;
		};
/* End XCConfigurationList section */
	};
	rootObject = 4C1D2C1613ACBC870023E89E /* Project object */;
}
