// !$*UTF8*$!
{
	archiveVersion = 1;
	classes = {
	};
	objectVersion = 46;
	objects = {

/* Begin PBXBuildFile section */
		4CEE5C2013AD017E003DEEDD /* main.cpp in Sources */ = {isa = PBXBuildFile; fileRef = 4CEE5C1F13AD017E003DEEDD /* main.cpp */; };
/* End PBXBuildFile section */

/* Begin PBXCopyFilesBuildPhase section */
		4CEE5C1913AD017E003DEEDD /* CopyFiles */ = {
			isa = PBXCopyFilesBuildPhase;
			buildActionMask = 2147483647;
			dstPath = /usr/share/man/man1/;
			dstSubfolderSpec = 0;
			files = (
			);
			runOnlyForDeploymentPostprocessing = 1;
		};
/* End PBXCopyFilesBuildPhase section */

/* Begin PBXFileReference section */
		4CEE5C1B13AD017E003DEEDD /* 978-Stos */ = {isa = PBXFileReference; explicitFileType = "compiled.mach-o.executable"; includeInIndex = 0; path = "978-Stos"; sourceTree = BUILT_PRODUCTS_DIR; };
		4CEE5C1F13AD017E003DEEDD /* main.cpp */ = {isa = PBXFileReference; lastKnownFileType = sourcecode.cpp.cpp; path = main.cpp; sourceTree = "<group>"; };
		4CEE5C2113AD017E003DEEDD /* _78_Stos.1 */ = {isa = PBXFileReference; lastKnownFileType = text.man; path = _78_Stos.1; sourceTree = "<group>"; };
/* End PBXFileReference section */

/* Begin PBXFrameworksBuildPhase section */
		4CEE5C1813AD017E003DEEDD /* Frameworks */ = {
			isa = PBXFrameworksBuildPhase;
			buildActionMask = 2147483647;
			files = (
			);
			runOnlyForDeploymentPostprocessing = 0;
		};
/* End PBXFrameworksBuildPhase section */

/* Begin PBXGroup section */
		4CEE5C1013AD017E003DEEDD = {
			isa = PBXGroup;
			children = (
				4CEE5C1E13AD017E003DEEDD /* 978-Stos */,
				4CEE5C1C13AD017E003DEEDD /* Products */,
			);
			sourceTree = "<group>";
		};
		4CEE5C1C13AD017E003DEEDD /* Products */ = {
			isa = PBXGroup;
			children = (
				4CEE5C1B13AD017E003DEEDD /* 978-Stos */,
			);
			name = Products;
			sourceTree = "<group>";
		};
		4CEE5C1E13AD017E003DEEDD /* 978-Stos */ = {
			isa = PBXGroup;
			children = (
				4CEE5C1F13AD017E003DEEDD /* main.cpp */,
				4CEE5C2113AD017E003DEEDD /* _78_Stos.1 */,
			);
			path = "978-Stos";
			sourceTree = "<group>";
		};
/* End PBXGroup section */

/* Begin PBXNativeTarget section */
		4CEE5C1A13AD017E003DEEDD /* 978-Stos */ = {
			isa = PBXNativeTarget;
			buildConfigurationList = 4CEE5C2413AD017E003DEEDD /* Build configuration list for PBXNativeTarget "978-Stos" */;
			buildPhases = (
				4CEE5C1713AD017E003DEEDD /* Sources */,
				4CEE5C1813AD017E003DEEDD /* Frameworks */,
				4CEE5C1913AD017E003DEEDD /* CopyFiles */,
			);
			buildRules = (
			);
			dependencies = (
			);
			name = "978-Stos";
			productName = "978-Stos";
			productReference = 4CEE5C1B13AD017E003DEEDD /* 978-Stos */;
			productType = "com.apple.product-type.tool";
		};
/* End PBXNativeTarget section */

/* Begin PBXProject section */
		4CEE5C1213AD017E003DEEDD /* Project object */ = {
			isa = PBXProject;
			attributes = {
				ORGANIZATIONNAME = Studen;
			};
			buildConfigurationList = 4CEE5C1513AD017E003DEEDD /* Build configuration list for PBXProject "978-Stos" */;
			compatibilityVersion = "Xcode 3.2";
			developmentRegion = English;
			hasScannedForEncodings = 0;
			knownRegions = (
				en,
			);
			mainGroup = 4CEE5C1013AD017E003DEEDD;
			productRefGroup = 4CEE5C1C13AD017E003DEEDD /* Products */;
			projectDirPath = "";
			projectRoot = "";
			targets = (
				4CEE5C1A13AD017E003DEEDD /* 978-Stos */,
			);
		};
/* End PBXProject section */

/* Begin PBXSourcesBuildPhase section */
		4CEE5C1713AD017E003DEEDD /* Sources */ = {
			isa = PBXSourcesBuildPhase;
			buildActionMask = 2147483647;
			files = (
				4CEE5C2013AD017E003DEEDD /* main.cpp in Sources */,
			);
			runOnlyForDeploymentPostprocessing = 0;
		};
/* End PBXSourcesBuildPhase section */

/* Begin XCBuildConfiguration section */
		4CEE5C2213AD017E003DEEDD /* Debug */ = {
			isa = XCBuildConfiguration;
			buildSettings = {
				ARCHS = "$(ARCHS_STANDARD_32_64_BIT)";
				GCC_C_LANGUAGE_STANDARD = gnu99;
				GCC_OPTIMIZATION_LEVEL = 0;
				GCC_PREPROCESSOR_DEFINITIONS = DEBUG;
				GCC_SYMBOLS_PRIVATE_EXTERN = NO;
				GCC_VERSION = com.apple.compilers.llvm.clang.1_0;
				GCC_WARN_64_TO_32_BIT_CONVERSION = YES;
				GCC_WARN_ABOUT_RETURN_TYPE = YES;
				GCC_WARN_UNUSED_VARIABLE = YES;
				MACOSX_DEPLOYMENT_TARGET = 10.6;
				ONLY_ACTIVE_ARCH = YES;
				SDKROOT = macosx;
			};
			name = Debug;
		};
		4CEE5C2313AD017E003DEEDD /* Release */ = {
			isa = XCBuildConfiguration;
			buildSettings = {
				ARCHS = "$(ARCHS_STANDARD_32_64_BIT)";
				GCC_C_LANGUAGE_STANDARD = gnu99;
				GCC_VERSION = com.apple.compilers.llvm.clang.1_0;
				GCC_WARN_64_TO_32_BIT_CONVERSION = YES;
				GCC_WARN_ABOUT_RETURN_TYPE = YES;
				GCC_WARN_UNUSED_VARIABLE = YES;
				MACOSX_DEPLOYMENT_TARGET = 10.6;
				SDKROOT = macosx;
			};
			name = Release;
		};
		4CEE5C2513AD017E003DEEDD /* Debug */ = {
			isa = XCBuildConfiguration;
			buildSettings = {
				ALWAYS_SEARCH_USER_PATHS = NO;
				COPY_PHASE_STRIP = NO;
				GCC_DYNAMIC_NO_PIC = NO;
				GCC_ENABLE_OBJC_EXCEPTIONS = YES;
				PRODUCT_NAME = "$(TARGET_NAME)";
			};
			name = Debug;
		};
		4CEE5C2613AD017E003DEEDD /* Release */ = {
			isa = XCBuildConfiguration;
			buildSettings = {
				ALWAYS_SEARCH_USER_PATHS = NO;
				COPY_PHASE_STRIP = YES;
				DEBUG_INFORMATION_FORMAT = "dwarf-with-dsym";
				GCC_ENABLE_OBJC_EXCEPTIONS = YES;
				PRODUCT_NAME = "$(TARGET_NAME)";
			};
			name = Release;
		};
/* End XCBuildConfiguration section */

/* Begin XCConfigurationList section */
		4CEE5C1513AD017E003DEEDD /* Build configuration list for PBXProject "978-Stos" */ = {
			isa = XCConfigurationList;
			buildConfigurations = (
				4CEE5C2213AD017E003DEEDD /* Debug */,
				4CEE5C2313AD017E003DEEDD /* Release */,
			);
			defaultConfigurationIsVisible = 0;
			defaultConfigurationName = Release;
		};
		4CEE5C2413AD017E003DEEDD /* Build configuration list for PBXNativeTarget "978-Stos" */ = {
			isa = XCConfigurationList;
			buildConfigurations = (
				4CEE5C2513AD017E003DEEDD /* Debug */,
				4CEE5C2613AD017E003DEEDD /* Release */,
			);
			defaultConfigurationIsVisible = 0;
		};
/* End XCConfigurationList section */
	};
	rootObject = 4CEE5C1213AD017E003DEEDD /* Project object */;
}
