// !$*UTF8*$!
{
	archiveVersion = 1;
	classes = {
	};
	objectVersion = 46;
	objects = {

/* Begin PBXBuildFile section */
		4C8449BE13B23A13002AC356 /* main.cpp in Sources */ = {isa = PBXBuildFile; fileRef = 4C8449BD13B23A13002AC356 /* main.cpp */; };
/* End PBXBuildFile section */

/* Begin PBXCopyFilesBuildPhase section */
		4C8449B713B23A13002AC356 /* CopyFiles */ = {
			isa = PBXCopyFilesBuildPhase;
			buildActionMask = 2147483647;
			dstPath = /usr/share/man/man1/;
			dstSubfolderSpec = 0;
			files = (
			);
			runOnlyForDeploymentPostprocessing = 1;
		};
/* End PBXCopyFilesBuildPhase section */

/* Begin PBXFileReference section */
		4C8449B913B23A13002AC356 /* 1299-Stefan */ = {isa = PBXFileReference; explicitFileType = "compiled.mach-o.executable"; includeInIndex = 0; path = "1299-Stefan"; sourceTree = BUILT_PRODUCTS_DIR; };
		4C8449BD13B23A13002AC356 /* main.cpp */ = {isa = PBXFileReference; lastKnownFileType = sourcecode.cpp.cpp; path = main.cpp; sourceTree = "<group>"; };
		4C8449BF13B23A13002AC356 /* _299_Stefan.1 */ = {isa = PBXFileReference; lastKnownFileType = text.man; path = _299_Stefan.1; sourceTree = "<group>"; };
/* End PBXFileReference section */

/* Begin PBXFrameworksBuildPhase section */
		4C8449B613B23A13002AC356 /* Frameworks */ = {
			isa = PBXFrameworksBuildPhase;
			buildActionMask = 2147483647;
			files = (
			);
			runOnlyForDeploymentPostprocessing = 0;
		};
/* End PBXFrameworksBuildPhase section */

/* Begin PBXGroup section */
		4C8449AE13B23A13002AC356 = {
			isa = PBXGroup;
			children = (
				4C8449BC13B23A13002AC356 /* 1299-Stefan */,
				4C8449BA13B23A13002AC356 /* Products */,
			);
			sourceTree = "<group>";
		};
		4C8449BA13B23A13002AC356 /* Products */ = {
			isa = PBXGroup;
			children = (
				4C8449B913B23A13002AC356 /* 1299-Stefan */,
			);
			name = Products;
			sourceTree = "<group>";
		};
		4C8449BC13B23A13002AC356 /* 1299-Stefan */ = {
			isa = PBXGroup;
			children = (
				4C8449BD13B23A13002AC356 /* main.cpp */,
				4C8449BF13B23A13002AC356 /* _299_Stefan.1 */,
			);
			path = "1299-Stefan";
			sourceTree = "<group>";
		};
/* End PBXGroup section */

/* Begin PBXNativeTarget section */
		4C8449B813B23A13002AC356 /* 1299-Stefan */ = {
			isa = PBXNativeTarget;
			buildConfigurationList = 4C8449C213B23A13002AC356 /* Build configuration list for PBXNativeTarget "1299-Stefan" */;
			buildPhases = (
				4C8449B513B23A13002AC356 /* Sources */,
				4C8449B613B23A13002AC356 /* Frameworks */,
				4C8449B713B23A13002AC356 /* CopyFiles */,
			);
			buildRules = (
			);
			dependencies = (
			);
			name = "1299-Stefan";
			productName = "1299-Stefan";
			productReference = 4C8449B913B23A13002AC356 /* 1299-Stefan */;
			productType = "com.apple.product-type.tool";
		};
/* End PBXNativeTarget section */

/* Begin PBXProject section */
		4C8449B013B23A13002AC356 /* Project object */ = {
			isa = PBXProject;
			attributes = {
				ORGANIZATIONNAME = Studen;
			};
			buildConfigurationList = 4C8449B313B23A13002AC356 /* Build configuration list for PBXProject "1299-Stefan" */;
			compatibilityVersion = "Xcode 3.2";
			developmentRegion = English;
			hasScannedForEncodings = 0;
			knownRegions = (
				en,
			);
			mainGroup = 4C8449AE13B23A13002AC356;
			productRefGroup = 4C8449BA13B23A13002AC356 /* Products */;
			projectDirPath = "";
			projectRoot = "";
			targets = (
				4C8449B813B23A13002AC356 /* 1299-Stefan */,
			);
		};
/* End PBXProject section */

/* Begin PBXSourcesBuildPhase section */
		4C8449B513B23A13002AC356 /* Sources */ = {
			isa = PBXSourcesBuildPhase;
			buildActionMask = 2147483647;
			files = (
				4C8449BE13B23A13002AC356 /* main.cpp in Sources */,
			);
			runOnlyForDeploymentPostprocessing = 0;
		};
/* End PBXSourcesBuildPhase section */

/* Begin XCBuildConfiguration section */
		4C8449C013B23A13002AC356 /* Debug */ = {
			isa = XCBuildConfiguration;
			buildSettings = {
				ARCHS = "$(ARCHS_STANDARD_32_64_BIT)";
				GCC_C_LANGUAGE_STANDARD = gnu99;
				GCC_OPTIMIZATION_LEVEL = 0;
				GCC_PREPROCESSOR_DEFINITIONS = DEBUG;
				GCC_SYMBOLS_PRIVATE_EXTERN = NO;
				GCC_VERSION = com.apple.compilers.llvm.clang.1_0;
				GCC_WARN_64_TO_32_BIT_CONVERSION = YES;
				GCC_WARN_ABOUT_RETURN_TYPE = YES;
				GCC_WARN_UNUSED_VARIABLE = YES;
				MACOSX_DEPLOYMENT_TARGET = 10.6;
				ONLY_ACTIVE_ARCH = YES;
				SDKROOT = macosx;
			};
			name = Debug;
		};
		4C8449C113B23A13002AC356 /* Release */ = {
			isa = XCBuildConfiguration;
			buildSettings = {
				ARCHS = "$(ARCHS_STANDARD_32_64_BIT)";
				GCC_C_LANGUAGE_STANDARD = gnu99;
				GCC_VERSION = com.apple.compilers.llvm.clang.1_0;
				GCC_WARN_64_TO_32_BIT_CONVERSION = YES;
				GCC_WARN_ABOUT_RETURN_TYPE = YES;
				GCC_WARN_UNUSED_VARIABLE = YES;
				MACOSX_DEPLOYMENT_TARGET = 10.6;
				SDKROOT = macosx;
			};
			name = Release;
		};
		4C8449C313B23A13002AC356 /* Debug */ = {
			isa = XCBuildConfiguration;
			buildSettings = {
				ALWAYS_SEARCH_USER_PATHS = NO;
				COPY_PHASE_STRIP = NO;
				GCC_DYNAMIC_NO_PIC = NO;
				GCC_ENABLE_OBJC_EXCEPTIONS = YES;
				PRODUCT_NAME = "$(TARGET_NAME)";
			};
			name = Debug;
		};
		4C8449C413B23A13002AC356 /* Release */ = {
			isa = XCBuildConfiguration;
			buildSettings = {
				ALWAYS_SEARCH_USER_PATHS = NO;
				COPY_PHASE_STRIP = YES;
				DEBUG_INFORMATION_FORMAT = "dwarf-with-dsym";
				GCC_ENABLE_OBJC_EXCEPTIONS = YES;
				PRODUCT_NAME = "$(TARGET_NAME)";
			};
			name = Release;
		};
/* End XCBuildConfiguration section */

/* Begin XCConfigurationList section */
		4C8449B313B23A13002AC356 /* Build configuration list for PBXProject "1299-Stefan" */ = {
			isa = XCConfigurationList;
			buildConfigurations = (
				4C8449C013B23A13002AC356 /* Debug */,
				4C8449C113B23A13002AC356 /* Release */,
			);
			defaultConfigurationIsVisible = 0;
			defaultConfigurationName = Release;
		};
		4C8449C213B23A13002AC356 /* Build configuration list for PBXNativeTarget "1299-Stefan" */ = {
			isa = XCConfigurationList;
			buildConfigurations = (
				4C8449C313B23A13002AC356 /* Debug */,
				4C8449C413B23A13002AC356 /* Release */,
			);
			defaultConfigurationIsVisible = 0;
		};
/* End XCConfigurationList section */
	};
	rootObject = 4C8449B013B23A13002AC356 /* Project object */;
}
