// !$*UTF8*$!
{
	archiveVersion = 1;
	classes = {
	};
	objectVersion = 46;
	objects = {

/* Begin PBXBuildFile section */
		4CBB6F8E13C319630007908F /* main.cpp in Sources */ = {isa = PBXBuildFile; fileRef = 4CBB6F8D13C319630007908F /* main.cpp */; };
/* End PBXBuildFile section */

/* Begin PBXCopyFilesBuildPhase section */
		4CBB6F8713C319630007908F /* CopyFiles */ = {
			isa = PBXCopyFilesBuildPhase;
			buildActionMask = 2147483647;
			dstPath = /usr/share/man/man1/;
			dstSubfolderSpec = 0;
			files = (
			);
			runOnlyForDeploymentPostprocessing = 1;
		};
/* End PBXCopyFilesBuildPhase section */

/* Begin PBXFileReference section */
		4CBB6F8913C319630007908F /* 3456-Szyfrowanie ROT13 */ = {isa = PBXFileReference; explicitFileType = "compiled.mach-o.executable"; includeInIndex = 0; path = "3456-Szyfrowanie ROT13"; sourceTree = BUILT_PRODUCTS_DIR; };
		4CBB6F8D13C319630007908F /* main.cpp */ = {isa = PBXFileReference; lastKnownFileType = sourcecode.cpp.cpp; path = main.cpp; sourceTree = "<group>"; };
		4CBB6F8F13C319630007908F /* _456_Szyfrowanie_ROT13.1 */ = {isa = PBXFileReference; lastKnownFileType = text.man; path = _456_Szyfrowanie_ROT13.1; sourceTree = "<group>"; };
/* End PBXFileReference section */

/* Begin PBXFrameworksBuildPhase section */
		4CBB6F8613C319630007908F /* Frameworks */ = {
			isa = PBXFrameworksBuildPhase;
			buildActionMask = 2147483647;
			files = (
			);
			runOnlyForDeploymentPostprocessing = 0;
		};
/* End PBXFrameworksBuildPhase section */

/* Begin PBXGroup section */
		4CBB6F7E13C319630007908F = {
			isa = PBXGroup;
			children = (
				4CBB6F8C13C319630007908F /* 3456-Szyfrowanie ROT13 */,
				4CBB6F8A13C319630007908F /* Products */,
			);
			sourceTree = "<group>";
		};
		4CBB6F8A13C319630007908F /* Products */ = {
			isa = PBXGroup;
			children = (
				4CBB6F8913C319630007908F /* 3456-Szyfrowanie ROT13 */,
			);
			name = Products;
			sourceTree = "<group>";
		};
		4CBB6F8C13C319630007908F /* 3456-Szyfrowanie ROT13 */ = {
			isa = PBXGroup;
			children = (
				4CBB6F8D13C319630007908F /* main.cpp */,
				4CBB6F8F13C319630007908F /* _456_Szyfrowanie_ROT13.1 */,
			);
			path = "3456-Szyfrowanie ROT13";
			sourceTree = "<group>";
		};
/* End PBXGroup section */

/* Begin PBXNativeTarget section */
		4CBB6F8813C319630007908F /* 3456-Szyfrowanie ROT13 */ = {
			isa = PBXNativeTarget;
			buildConfigurationList = 4CBB6F9213C319630007908F /* Build configuration list for PBXNativeTarget "3456-Szyfrowanie ROT13" */;
			buildPhases = (
				4CBB6F8513C319630007908F /* Sources */,
				4CBB6F8613C319630007908F /* Frameworks */,
				4CBB6F8713C319630007908F /* CopyFiles */,
			);
			buildRules = (
			);
			dependencies = (
			);
			name = "3456-Szyfrowanie ROT13";
			productName = "3456-Szyfrowanie ROT13";
			productReference = 4CBB6F8913C319630007908F /* 3456-Szyfrowanie ROT13 */;
			productType = "com.apple.product-type.tool";
		};
/* End PBXNativeTarget section */

/* Begin PBXProject section */
		4CBB6F8013C319630007908F /* Project object */ = {
			isa = PBXProject;
			attributes = {
				ORGANIZATIONNAME = Studen;
			};
			buildConfigurationList = 4CBB6F8313C319630007908F /* Build configuration list for PBXProject "3456-Szyfrowanie ROT13" */;
			compatibilityVersion = "Xcode 3.2";
			developmentRegion = English;
			hasScannedForEncodings = 0;
			knownRegions = (
				en,
			);
			mainGroup = 4CBB6F7E13C319630007908F;
			productRefGroup = 4CBB6F8A13C319630007908F /* Products */;
			projectDirPath = "";
			projectRoot = "";
			targets = (
				4CBB6F8813C319630007908F /* 3456-Szyfrowanie ROT13 */,
			);
		};
/* End PBXProject section */

/* Begin PBXSourcesBuildPhase section */
		4CBB6F8513C319630007908F /* Sources */ = {
			isa = PBXSourcesBuildPhase;
			buildActionMask = 2147483647;
			files = (
				4CBB6F8E13C319630007908F /* main.cpp in Sources */,
			);
			runOnlyForDeploymentPostprocessing = 0;
		};
/* End PBXSourcesBuildPhase section */

/* Begin XCBuildConfiguration section */
		4CBB6F9013C319630007908F /* Debug */ = {
			isa = XCBuildConfiguration;
			buildSettings = {
				ARCHS = "$(ARCHS_STANDARD_32_64_BIT)";
				GCC_C_LANGUAGE_STANDARD = gnu99;
				GCC_OPTIMIZATION_LEVEL = 0;
				GCC_PREPROCESSOR_DEFINITIONS = DEBUG;
				GCC_SYMBOLS_PRIVATE_EXTERN = NO;
				GCC_VERSION = com.apple.compilers.llvm.clang.1_0;
				GCC_WARN_64_TO_32_BIT_CONVERSION = YES;
				GCC_WARN_ABOUT_RETURN_TYPE = YES;
				GCC_WARN_UNUSED_VARIABLE = YES;
				MACOSX_DEPLOYMENT_TARGET = 10.6;
				ONLY_ACTIVE_ARCH = YES;
				SDKROOT = macosx;
			};
			name = Debug;
		};
		4CBB6F9113C319630007908F /* Release */ = {
			isa = XCBuildConfiguration;
			buildSettings = {
				ARCHS = "$(ARCHS_STANDARD_32_64_BIT)";
				GCC_C_LANGUAGE_STANDARD = gnu99;
				GCC_VERSION = com.apple.compilers.llvm.clang.1_0;
				GCC_WARN_64_TO_32_BIT_CONVERSION = YES;
				GCC_WARN_ABOUT_RETURN_TYPE = YES;
				GCC_WARN_UNUSED_VARIABLE = YES;
				MACOSX_DEPLOYMENT_TARGET = 10.6;
				SDKROOT = macosx;
			};
			name = Release;
		};
		4CBB6F9313C319630007908F /* Debug */ = {
			isa = XCBuildConfiguration;
			buildSettings = {
				ALWAYS_SEARCH_USER_PATHS = NO;
				COPY_PHASE_STRIP = NO;
				GCC_DYNAMIC_NO_PIC = NO;
				GCC_ENABLE_OBJC_EXCEPTIONS = YES;
				PRODUCT_NAME = "$(TARGET_NAME)";
			};
			name = Debug;
		};
		4CBB6F9413C319630007908F /* Release */ = {
			isa = XCBuildConfiguration;
			buildSettings = {
				ALWAYS_SEARCH_USER_PATHS = NO;
				COPY_PHASE_STRIP = YES;
				DEBUG_INFORMATION_FORMAT = "dwarf-with-dsym";
				GCC_ENABLE_OBJC_EXCEPTIONS = YES;
				PRODUCT_NAME = "$(TARGET_NAME)";
			};
			name = Release;
		};
/* End XCBuildConfiguration section */

/* Begin XCConfigurationList section */
		4CBB6F8313C319630007908F /* Build configuration list for PBXProject "3456-Szyfrowanie ROT13" */ = {
			isa = XCConfigurationList;
			buildConfigurations = (
				4CBB6F9013C319630007908F /* Debug */,
				4CBB6F9113C319630007908F /* Release */,
			);
			defaultConfigurationIsVisible = 0;
			defaultConfigurationName = Release;
		};
		4CBB6F9213C319630007908F /* Build configuration list for PBXNativeTarget "3456-Szyfrowanie ROT13" */ = {
			isa = XCConfigurationList;
			buildConfigurations = (
				4CBB6F9313C319630007908F /* Debug */,
				4CBB6F9413C319630007908F /* Release */,
			);
			defaultConfigurationIsVisible = 0;
		};
/* End XCConfigurationList section */
	};
	rootObject = 4CBB6F8013C319630007908F /* Project object */;
}
