// !$*UTF8*$!
{
	archiveVersion = 1;
	classes = {
	};
	objectVersion = 46;
	objects = {

/* Begin PBXBuildFile section */
		4CE18D6813BB5D01007617B7 /* main.cpp in Sources */ = {isa = PBXBuildFile; fileRef = 4CE18D6713BB5D01007617B7 /* main.cpp */; };
/* End PBXBuildFile section */

/* Begin PBXCopyFilesBuildPhase section */
		4CE18D6113BB5D01007617B7 /* CopyFiles */ = {
			isa = PBXCopyFilesBuildPhase;
			buildActionMask = 2147483647;
			dstPath = /usr/share/man/man1/;
			dstSubfolderSpec = 0;
			files = (
			);
			runOnlyForDeploymentPostprocessing = 1;
		};
/* End PBXCopyFilesBuildPhase section */

/* Begin PBXFileReference section */
		4CE18D6313BB5D01007617B7 /* 833-Dwumiany */ = {isa = PBXFileReference; explicitFileType = "compiled.mach-o.executable"; includeInIndex = 0; path = "833-Dwumiany"; sourceTree = BUILT_PRODUCTS_DIR; };
		4CE18D6713BB5D01007617B7 /* main.cpp */ = {isa = PBXFileReference; lastKnownFileType = sourcecode.cpp.cpp; path = main.cpp; sourceTree = "<group>"; };
		4CE18D6913BB5D01007617B7 /* _33_Dwumiany.1 */ = {isa = PBXFileReference; lastKnownFileType = text.man; path = _33_Dwumiany.1; sourceTree = "<group>"; };
/* End PBXFileReference section */

/* Begin PBXFrameworksBuildPhase section */
		4CE18D6013BB5D01007617B7 /* Frameworks */ = {
			isa = PBXFrameworksBuildPhase;
			buildActionMask = 2147483647;
			files = (
			);
			runOnlyForDeploymentPostprocessing = 0;
		};
/* End PBXFrameworksBuildPhase section */

/* Begin PBXGroup section */
		4CE18D5813BB5D01007617B7 = {
			isa = PBXGroup;
			children = (
				4CE18D6613BB5D01007617B7 /* 833-Dwumiany */,
				4CE18D6413BB5D01007617B7 /* Products */,
			);
			sourceTree = "<group>";
		};
		4CE18D6413BB5D01007617B7 /* Products */ = {
			isa = PBXGroup;
			children = (
				4CE18D6313BB5D01007617B7 /* 833-Dwumiany */,
			);
			name = Products;
			sourceTree = "<group>";
		};
		4CE18D6613BB5D01007617B7 /* 833-Dwumiany */ = {
			isa = PBXGroup;
			children = (
				4CE18D6713BB5D01007617B7 /* main.cpp */,
				4CE18D6913BB5D01007617B7 /* _33_Dwumiany.1 */,
			);
			path = "833-Dwumiany";
			sourceTree = "<group>";
		};
/* End PBXGroup section */

/* Begin PBXNativeTarget section */
		4CE18D6213BB5D01007617B7 /* 833-Dwumiany */ = {
			isa = PBXNativeTarget;
			buildConfigurationList = 4CE18D6C13BB5D01007617B7 /* Build configuration list for PBXNativeTarget "833-Dwumiany" */;
			buildPhases = (
				4CE18D5F13BB5D01007617B7 /* Sources */,
				4CE18D6013BB5D01007617B7 /* Frameworks */,
				4CE18D6113BB5D01007617B7 /* CopyFiles */,
			);
			buildRules = (
			);
			dependencies = (
			);
			name = "833-Dwumiany";
			productName = "833-Dwumiany";
			productReference = 4CE18D6313BB5D01007617B7 /* 833-Dwumiany */;
			productType = "com.apple.product-type.tool";
		};
/* End PBXNativeTarget section */

/* Begin PBXProject section */
		4CE18D5A13BB5D01007617B7 /* Project object */ = {
			isa = PBXProject;
			attributes = {
				ORGANIZATIONNAME = Studen;
			};
			buildConfigurationList = 4CE18D5D13BB5D01007617B7 /* Build configuration list for PBXProject "833-Dwumiany" */;
			compatibilityVersion = "Xcode 3.2";
			developmentRegion = English;
			hasScannedForEncodings = 0;
			knownRegions = (
				en,
			);
			mainGroup = 4CE18D5813BB5D01007617B7;
			productRefGroup = 4CE18D6413BB5D01007617B7 /* Products */;
			projectDirPath = "";
			projectRoot = "";
			targets = (
				4CE18D6213BB5D01007617B7 /* 833-Dwumiany */,
			);
		};
/* End PBXProject section */

/* Begin PBXSourcesBuildPhase section */
		4CE18D5F13BB5D01007617B7 /* Sources */ = {
			isa = PBXSourcesBuildPhase;
			buildActionMask = 2147483647;
			files = (
				4CE18D6813BB5D01007617B7 /* main.cpp in Sources */,
			);
			runOnlyForDeploymentPostprocessing = 0;
		};
/* End PBXSourcesBuildPhase section */

/* Begin XCBuildConfiguration section */
		4CE18D6A13BB5D01007617B7 /* Debug */ = {
			isa = XCBuildConfiguration;
			buildSettings = {
				ARCHS = "$(ARCHS_STANDARD_32_64_BIT)";
				GCC_C_LANGUAGE_STANDARD = gnu99;
				GCC_OPTIMIZATION_LEVEL = 0;
				GCC_PREPROCESSOR_DEFINITIONS = DEBUG;
				GCC_SYMBOLS_PRIVATE_EXTERN = NO;
				GCC_VERSION = com.apple.compilers.llvm.clang.1_0;
				GCC_WARN_64_TO_32_BIT_CONVERSION = YES;
				GCC_WARN_ABOUT_RETURN_TYPE = YES;
				GCC_WARN_UNUSED_VARIABLE = YES;
				MACOSX_DEPLOYMENT_TARGET = 10.6;
				ONLY_ACTIVE_ARCH = YES;
				SDKROOT = macosx;
			};
			name = Debug;
		};
		4CE18D6B13BB5D01007617B7 /* Release */ = {
			isa = XCBuildConfiguration;
			buildSettings = {
				ARCHS = "$(ARCHS_STANDARD_32_64_BIT)";
				GCC_C_LANGUAGE_STANDARD = gnu99;
				GCC_VERSION = com.apple.compilers.llvm.clang.1_0;
				GCC_WARN_64_TO_32_BIT_CONVERSION = YES;
				GCC_WARN_ABOUT_RETURN_TYPE = YES;
				GCC_WARN_UNUSED_VARIABLE = YES;
				MACOSX_DEPLOYMENT_TARGET = 10.6;
				SDKROOT = macosx;
			};
			name = Release;
		};
		4CE18D6D13BB5D01007617B7 /* Debug */ = {
			isa = XCBuildConfiguration;
			buildSettings = {
				ALWAYS_SEARCH_USER_PATHS = NO;
				COPY_PHASE_STRIP = NO;
				GCC_DYNAMIC_NO_PIC = NO;
				GCC_ENABLE_OBJC_EXCEPTIONS = YES;
				PRODUCT_NAME = "$(TARGET_NAME)";
			};
			name = Debug;
		};
		4CE18D6E13BB5D01007617B7 /* Release */ = {
			isa = XCBuildConfiguration;
			buildSettings = {
				ALWAYS_SEARCH_USER_PATHS = NO;
				COPY_PHASE_STRIP = YES;
				DEBUG_INFORMATION_FORMAT = "dwarf-with-dsym";
				GCC_ENABLE_OBJC_EXCEPTIONS = YES;
				PRODUCT_NAME = "$(TARGET_NAME)";
			};
			name = Release;
		};
/* End XCBuildConfiguration section */

/* Begin XCConfigurationList section */
		4CE18D5D13BB5D01007617B7 /* Build configuration list for PBXProject "833-Dwumiany" */ = {
			isa = XCConfigurationList;
			buildConfigurations = (
				4CE18D6A13BB5D01007617B7 /* Debug */,
				4CE18D6B13BB5D01007617B7 /* Release */,
			);
			defaultConfigurationIsVisible = 0;
			defaultConfigurationName = Release;
		};
		4CE18D6C13BB5D01007617B7 /* Build configuration list for PBXNativeTarget "833-Dwumiany" */ = {
			isa = XCConfigurationList;
			buildConfigurations = (
				4CE18D6D13BB5D01007617B7 /* Debug */,
				4CE18D6E13BB5D01007617B7 /* Release */,
			);
			defaultConfigurationIsVisible = 0;
		};
/* End XCConfigurationList section */
	};
	rootObject = 4CE18D5A13BB5D01007617B7 /* Project object */;
}
