// !$*UTF8*$!
{
	archiveVersion = 1;
	classes = {
	};
	objectVersion = 46;
	objects = {

/* Begin PBXBuildFile section */
		4CFA686513AB6C5F002E6B41 /* main.cpp in Sources */ = {isa = PBXBuildFile; fileRef = 4CFA686413AB6C5F002E6B41 /* main.cpp */; };
/* End PBXBuildFile section */

/* Begin PBXCopyFilesBuildPhase section */
		4CFA685E13AB6C5F002E6B41 /* CopyFiles */ = {
			isa = PBXCopyFilesBuildPhase;
			buildActionMask = 2147483647;
			dstPath = /usr/share/man/man1/;
			dstSubfolderSpec = 0;
			files = (
			);
			runOnlyForDeploymentPostprocessing = 1;
		};
/* End PBXCopyFilesBuildPhase section */

/* Begin PBXFileReference section */
		4CFA686013AB6C5F002E6B41 /* 708-Problem Collatza */ = {isa = PBXFileReference; explicitFileType = "compiled.mach-o.executable"; includeInIndex = 0; path = "708-Problem Collatza"; sourceTree = BUILT_PRODUCTS_DIR; };
		4CFA686413AB6C5F002E6B41 /* main.cpp */ = {isa = PBXFileReference; lastKnownFileType = sourcecode.cpp.cpp; path = main.cpp; sourceTree = "<group>"; };
		4CFA686613AB6C5F002E6B41 /* _08_Problem_Collatza.1 */ = {isa = PBXFileReference; lastKnownFileType = text.man; path = _08_Problem_Collatza.1; sourceTree = "<group>"; };
/* End PBXFileReference section */

/* Begin PBXFrameworksBuildPhase section */
		4CFA685D13AB6C5F002E6B41 /* Frameworks */ = {
			isa = PBXFrameworksBuildPhase;
			buildActionMask = 2147483647;
			files = (
			);
			runOnlyForDeploymentPostprocessing = 0;
		};
/* End PBXFrameworksBuildPhase section */

/* Begin PBXGroup section */
		4CFA685513AB6C5F002E6B41 = {
			isa = PBXGroup;
			children = (
				4CFA686313AB6C5F002E6B41 /* 708-Problem Collatza */,
				4CFA686113AB6C5F002E6B41 /* Products */,
			);
			sourceTree = "<group>";
		};
		4CFA686113AB6C5F002E6B41 /* Products */ = {
			isa = PBXGroup;
			children = (
				4CFA686013AB6C5F002E6B41 /* 708-Problem Collatza */,
			);
			name = Products;
			sourceTree = "<group>";
		};
		4CFA686313AB6C5F002E6B41 /* 708-Problem Collatza */ = {
			isa = PBXGroup;
			children = (
				4CFA686413AB6C5F002E6B41 /* main.cpp */,
				4CFA686613AB6C5F002E6B41 /* _08_Problem_Collatza.1 */,
			);
			path = "708-Problem Collatza";
			sourceTree = "<group>";
		};
/* End PBXGroup section */

/* Begin PBXNativeTarget section */
		4CFA685F13AB6C5F002E6B41 /* 708-Problem Collatza */ = {
			isa = PBXNativeTarget;
			buildConfigurationList = 4CFA686913AB6C5F002E6B41 /* Build configuration list for PBXNativeTarget "708-Problem Collatza" */;
			buildPhases = (
				4CFA685C13AB6C5F002E6B41 /* Sources */,
				4CFA685D13AB6C5F002E6B41 /* Frameworks */,
				4CFA685E13AB6C5F002E6B41 /* CopyFiles */,
			);
			buildRules = (
			);
			dependencies = (
			);
			name = "708-Problem Collatza";
			productName = "708-Problem Collatza";
			productReference = 4CFA686013AB6C5F002E6B41 /* 708-Problem Collatza */;
			productType = "com.apple.product-type.tool";
		};
/* End PBXNativeTarget section */

/* Begin PBXProject section */
		4CFA685713AB6C5F002E6B41 /* Project object */ = {
			isa = PBXProject;
			attributes = {
				ORGANIZATIONNAME = Studen;
			};
			buildConfigurationList = 4CFA685A13AB6C5F002E6B41 /* Build configuration list for PBXProject "708-Problem Collatza" */;
			compatibilityVersion = "Xcode 3.2";
			developmentRegion = English;
			hasScannedForEncodings = 0;
			knownRegions = (
				en,
			);
			mainGroup = 4CFA685513AB6C5F002E6B41;
			productRefGroup = 4CFA686113AB6C5F002E6B41 /* Products */;
			projectDirPath = "";
			projectRoot = "";
			targets = (
				4CFA685F13AB6C5F002E6B41 /* 708-Problem Collatza */,
			);
		};
/* End PBXProject section */

/* Begin PBXSourcesBuildPhase section */
		4CFA685C13AB6C5F002E6B41 /* Sources */ = {
			isa = PBXSourcesBuildPhase;
			buildActionMask = 2147483647;
			files = (
				4CFA686513AB6C5F002E6B41 /* main.cpp in Sources */,
			);
			runOnlyForDeploymentPostprocessing = 0;
		};
/* End PBXSourcesBuildPhase section */

/* Begin XCBuildConfiguration section */
		4CFA686713AB6C5F002E6B41 /* Debug */ = {
			isa = XCBuildConfiguration;
			buildSettings = {
				ARCHS = "$(ARCHS_STANDARD_32_64_BIT)";
				GCC_C_LANGUAGE_STANDARD = gnu99;
				GCC_OPTIMIZATION_LEVEL = 0;
				GCC_PREPROCESSOR_DEFINITIONS = DEBUG;
				GCC_SYMBOLS_PRIVATE_EXTERN = NO;
				GCC_VERSION = com.apple.compilers.llvm.clang.1_0;
				GCC_WARN_64_TO_32_BIT_CONVERSION = YES;
				GCC_WARN_ABOUT_RETURN_TYPE = YES;
				GCC_WARN_UNUSED_VARIABLE = YES;
				MACOSX_DEPLOYMENT_TARGET = 10.6;
				ONLY_ACTIVE_ARCH = YES;
				SDKROOT = macosx;
			};
			name = Debug;
		};
		4CFA686813AB6C5F002E6B41 /* Release */ = {
			isa = XCBuildConfiguration;
			buildSettings = {
				ARCHS = "$(ARCHS_STANDARD_32_64_BIT)";
				GCC_C_LANGUAGE_STANDARD = gnu99;
				GCC_VERSION = com.apple.compilers.llvm.clang.1_0;
				GCC_WARN_64_TO_32_BIT_CONVERSION = YES;
				GCC_WARN_ABOUT_RETURN_TYPE = YES;
				GCC_WARN_UNUSED_VARIABLE = YES;
				MACOSX_DEPLOYMENT_TARGET = 10.6;
				SDKROOT = macosx;
			};
			name = Release;
		};
		4CFA686A13AB6C5F002E6B41 /* Debug */ = {
			isa = XCBuildConfiguration;
			buildSettings = {
				ALWAYS_SEARCH_USER_PATHS = NO;
				COPY_PHASE_STRIP = NO;
				GCC_DYNAMIC_NO_PIC = NO;
				GCC_ENABLE_OBJC_EXCEPTIONS = YES;
				PRODUCT_NAME = "$(TARGET_NAME)";
			};
			name = Debug;
		};
		4CFA686B13AB6C5F002E6B41 /* Release */ = {
			isa = XCBuildConfiguration;
			buildSettings = {
				ALWAYS_SEARCH_USER_PATHS = NO;
				COPY_PHASE_STRIP = YES;
				DEBUG_INFORMATION_FORMAT = "dwarf-with-dsym";
				GCC_ENABLE_OBJC_EXCEPTIONS = YES;
				PRODUCT_NAME = "$(TARGET_NAME)";
			};
			name = Release;
		};
/* End XCBuildConfiguration section */

/* Begin XCConfigurationList section */
		4CFA685A13AB6C5F002E6B41 /* Build configuration list for PBXProject "708-Problem Collatza" */ = {
			isa = XCConfigurationList;
			buildConfigurations = (
				4CFA686713AB6C5F002E6B41 /* Debug */,
				4CFA686813AB6C5F002E6B41 /* Release */,
			);
			defaultConfigurationIsVisible = 0;
			defaultConfigurationName = Release;
		};
		4CFA686913AB6C5F002E6B41 /* Build configuration list for PBXNativeTarget "708-Problem Collatza" */ = {
			isa = XCConfigurationList;
			buildConfigurations = (
				4CFA686A13AB6C5F002E6B41 /* Debug */,
				4CFA686B13AB6C5F002E6B41 /* Release */,
			);
			defaultConfigurationIsVisible = 0;
		};
/* End XCConfigurationList section */
	};
	rootObject = 4CFA685713AB6C5F002E6B41 /* Project object */;
}
