// !$*UTF8*$!
{
	archiveVersion = 1;
	classes = {
	};
	objectVersion = 46;
	objects = {

/* Begin PBXBuildFile section */
		4C26B28B13ADFC8C0073C67E /* main.cpp in Sources */ = {isa = PBXBuildFile; fileRef = 4C26B28A13ADFC8C0073C67E /* main.cpp */; };
/* End PBXBuildFile section */

/* Begin PBXCopyFilesBuildPhase section */
		4C26B28413ADFC8C0073C67E /* CopyFiles */ = {
			isa = PBXCopyFilesBuildPhase;
			buildActionMask = 2147483647;
			dstPath = /usr/share/man/man1/;
			dstSubfolderSpec = 0;
			files = (
			);
			runOnlyForDeploymentPostprocessing = 1;
		};
/* End PBXCopyFilesBuildPhase section */

/* Begin PBXFileReference section */
		4C26B28613ADFC8C0073C67E /* 1289-Tagi HTML */ = {isa = PBXFileReference; explicitFileType = "compiled.mach-o.executable"; includeInIndex = 0; path = "1289-Tagi HTML"; sourceTree = BUILT_PRODUCTS_DIR; };
		4C26B28A13ADFC8C0073C67E /* main.cpp */ = {isa = PBXFileReference; lastKnownFileType = sourcecode.cpp.cpp; path = main.cpp; sourceTree = "<group>"; };
		4C26B28C13ADFC8C0073C67E /* _289_Tagi_HTML.1 */ = {isa = PBXFileReference; lastKnownFileType = text.man; path = _289_Tagi_HTML.1; sourceTree = "<group>"; };
/* End PBXFileReference section */

/* Begin PBXFrameworksBuildPhase section */
		4C26B28313ADFC8C0073C67E /* Frameworks */ = {
			isa = PBXFrameworksBuildPhase;
			buildActionMask = 2147483647;
			files = (
			);
			runOnlyForDeploymentPostprocessing = 0;
		};
/* End PBXFrameworksBuildPhase section */

/* Begin PBXGroup section */
		4C26B27B13ADFC8C0073C67E = {
			isa = PBXGroup;
			children = (
				4C26B28913ADFC8C0073C67E /* 1289-Tagi HTML */,
				4C26B28713ADFC8C0073C67E /* Products */,
			);
			sourceTree = "<group>";
		};
		4C26B28713ADFC8C0073C67E /* Products */ = {
			isa = PBXGroup;
			children = (
				4C26B28613ADFC8C0073C67E /* 1289-Tagi HTML */,
			);
			name = Products;
			sourceTree = "<group>";
		};
		4C26B28913ADFC8C0073C67E /* 1289-Tagi HTML */ = {
			isa = PBXGroup;
			children = (
				4C26B28A13ADFC8C0073C67E /* main.cpp */,
				4C26B28C13ADFC8C0073C67E /* _289_Tagi_HTML.1 */,
			);
			path = "1289-Tagi HTML";
			sourceTree = "<group>";
		};
/* End PBXGroup section */

/* Begin PBXNativeTarget section */
		4C26B28513ADFC8C0073C67E /* 1289-Tagi HTML */ = {
			isa = PBXNativeTarget;
			buildConfigurationList = 4C26B28F13ADFC8C0073C67E /* Build configuration list for PBXNativeTarget "1289-Tagi HTML" */;
			buildPhases = (
				4C26B28213ADFC8C0073C67E /* Sources */,
				4C26B28313ADFC8C0073C67E /* Frameworks */,
				4C26B28413ADFC8C0073C67E /* CopyFiles */,
			);
			buildRules = (
			);
			dependencies = (
			);
			name = "1289-Tagi HTML";
			productName = "1289-Tagi HTML";
			productReference = 4C26B28613ADFC8C0073C67E /* 1289-Tagi HTML */;
			productType = "com.apple.product-type.tool";
		};
/* End PBXNativeTarget section */

/* Begin PBXProject section */
		4C26B27D13ADFC8C0073C67E /* Project object */ = {
			isa = PBXProject;
			attributes = {
				ORGANIZATIONNAME = Studen;
			};
			buildConfigurationList = 4C26B28013ADFC8C0073C67E /* Build configuration list for PBXProject "1289-Tagi HTML" */;
			compatibilityVersion = "Xcode 3.2";
			developmentRegion = English;
			hasScannedForEncodings = 0;
			knownRegions = (
				en,
			);
			mainGroup = 4C26B27B13ADFC8C0073C67E;
			productRefGroup = 4C26B28713ADFC8C0073C67E /* Products */;
			projectDirPath = "";
			projectRoot = "";
			targets = (
				4C26B28513ADFC8C0073C67E /* 1289-Tagi HTML */,
			);
		};
/* End PBXProject section */

/* Begin PBXSourcesBuildPhase section */
		4C26B28213ADFC8C0073C67E /* Sources */ = {
			isa = PBXSourcesBuildPhase;
			buildActionMask = 2147483647;
			files = (
				4C26B28B13ADFC8C0073C67E /* main.cpp in Sources */,
			);
			runOnlyForDeploymentPostprocessing = 0;
		};
/* End PBXSourcesBuildPhase section */

/* Begin XCBuildConfiguration section */
		4C26B28D13ADFC8C0073C67E /* Debug */ = {
			isa = XCBuildConfiguration;
			buildSettings = {
				ARCHS = "$(ARCHS_STANDARD_32_64_BIT)";
				GCC_C_LANGUAGE_STANDARD = gnu99;
				GCC_OPTIMIZATION_LEVEL = 0;
				GCC_PREPROCESSOR_DEFINITIONS = DEBUG;
				GCC_SYMBOLS_PRIVATE_EXTERN = NO;
				GCC_VERSION = com.apple.compilers.llvm.clang.1_0;
				GCC_WARN_64_TO_32_BIT_CONVERSION = YES;
				GCC_WARN_ABOUT_RETURN_TYPE = YES;
				GCC_WARN_UNUSED_VARIABLE = YES;
				MACOSX_DEPLOYMENT_TARGET = 10.6;
				ONLY_ACTIVE_ARCH = YES;
				SDKROOT = macosx;
			};
			name = Debug;
		};
		4C26B28E13ADFC8C0073C67E /* Release */ = {
			isa = XCBuildConfiguration;
			buildSettings = {
				ARCHS = "$(ARCHS_STANDARD_32_64_BIT)";
				GCC_C_LANGUAGE_STANDARD = gnu99;
				GCC_VERSION = com.apple.compilers.llvm.clang.1_0;
				GCC_WARN_64_TO_32_BIT_CONVERSION = YES;
				GCC_WARN_ABOUT_RETURN_TYPE = YES;
				GCC_WARN_UNUSED_VARIABLE = YES;
				MACOSX_DEPLOYMENT_TARGET = 10.6;
				SDKROOT = macosx;
			};
			name = Release;
		};
		4C26B29013ADFC8C0073C67E /* Debug */ = {
			isa = XCBuildConfiguration;
			buildSettings = {
				ALWAYS_SEARCH_USER_PATHS = NO;
				COPY_PHASE_STRIP = NO;
				GCC_DYNAMIC_NO_PIC = NO;
				GCC_ENABLE_OBJC_EXCEPTIONS = YES;
				PRODUCT_NAME = "$(TARGET_NAME)";
			};
			name = Debug;
		};
		4C26B29113ADFC8C0073C67E /* Release */ = {
			isa = XCBuildConfiguration;
			buildSettings = {
				ALWAYS_SEARCH_USER_PATHS = NO;
				COPY_PHASE_STRIP = YES;
				DEBUG_INFORMATION_FORMAT = "dwarf-with-dsym";
				GCC_ENABLE_OBJC_EXCEPTIONS = YES;
				PRODUCT_NAME = "$(TARGET_NAME)";
			};
			name = Release;
		};
/* End XCBuildConfiguration section */

/* Begin XCConfigurationList section */
		4C26B28013ADFC8C0073C67E /* Build configuration list for PBXProject "1289-Tagi HTML" */ = {
			isa = XCConfigurationList;
			buildConfigurations = (
				4C26B28D13ADFC8C0073C67E /* Debug */,
				4C26B28E13ADFC8C0073C67E /* Release */,
			);
			defaultConfigurationIsVisible = 0;
			defaultConfigurationName = Release;
		};
		4C26B28F13ADFC8C0073C67E /* Build configuration list for PBXNativeTarget "1289-Tagi HTML" */ = {
			isa = XCConfigurationList;
			buildConfigurations = (
				4C26B29013ADFC8C0073C67E /* Debug */,
				4C26B29113ADFC8C0073C67E /* Release */,
			);
			defaultConfigurationIsVisible = 0;
		};
/* End XCConfigurationList section */
	};
	rootObject = 4C26B27D13ADFC8C0073C67E /* Project object */;
}
