// !$*UTF8*$!
{
	archiveVersion = 1;
	classes = {
	};
	objectVersion = 46;
	objects = {

/* Begin PBXBuildFile section */
		4CFA68F713ABC822002E6B41 /* main.cpp in Sources */ = {isa = PBXBuildFile; fileRef = 4CFA68F613ABC822002E6B41 /* main.cpp */; };
/* End PBXBuildFile section */

/* Begin PBXCopyFilesBuildPhase section */
		4CFA68F013ABC822002E6B41 /* CopyFiles */ = {
			isa = PBXCopyFilesBuildPhase;
			buildActionMask = 2147483647;
			dstPath = /usr/share/man/man1/;
			dstSubfolderSpec = 0;
			files = (
			);
			runOnlyForDeploymentPostprocessing = 1;
		};
/* End PBXCopyFilesBuildPhase section */

/* Begin PBXFileReference section */
		4CFA68F213ABC822002E6B41 /* 769-Zadanie próbne */ = {isa = PBXFileReference; explicitFileType = "compiled.mach-o.executable"; includeInIndex = 0; path = "769-Zadanie próbne"; sourceTree = BUILT_PRODUCTS_DIR; };
		4CFA68F613ABC822002E6B41 /* main.cpp */ = {isa = PBXFileReference; lastKnownFileType = sourcecode.cpp.cpp; path = main.cpp; sourceTree = "<group>"; };
		4CFA68F813ABC822002E6B41 /* _69_Zadanie_pro_bne.1 */ = {isa = PBXFileReference; lastKnownFileType = text.man; path = _69_Zadanie_pro_bne.1; sourceTree = "<group>"; };
/* End PBXFileReference section */

/* Begin PBXFrameworksBuildPhase section */
		4CFA68EF13ABC822002E6B41 /* Frameworks */ = {
			isa = PBXFrameworksBuildPhase;
			buildActionMask = 2147483647;
			files = (
			);
			runOnlyForDeploymentPostprocessing = 0;
		};
/* End PBXFrameworksBuildPhase section */

/* Begin PBXGroup section */
		4CFA68E713ABC822002E6B41 = {
			isa = PBXGroup;
			children = (
				4CFA68F513ABC822002E6B41 /* 769-Zadanie próbne */,
				4CFA68F313ABC822002E6B41 /* Products */,
			);
			sourceTree = "<group>";
		};
		4CFA68F313ABC822002E6B41 /* Products */ = {
			isa = PBXGroup;
			children = (
				4CFA68F213ABC822002E6B41 /* 769-Zadanie próbne */,
			);
			name = Products;
			sourceTree = "<group>";
		};
		4CFA68F513ABC822002E6B41 /* 769-Zadanie próbne */ = {
			isa = PBXGroup;
			children = (
				4CFA68F613ABC822002E6B41 /* main.cpp */,
				4CFA68F813ABC822002E6B41 /* _69_Zadanie_pro_bne.1 */,
			);
			path = "769-Zadanie próbne";
			sourceTree = "<group>";
		};
/* End PBXGroup section */

/* Begin PBXNativeTarget section */
		4CFA68F113ABC822002E6B41 /* 769-Zadanie próbne */ = {
			isa = PBXNativeTarget;
			buildConfigurationList = 4CFA68FB13ABC822002E6B41 /* Build configuration list for PBXNativeTarget "769-Zadanie próbne" */;
			buildPhases = (
				4CFA68EE13ABC822002E6B41 /* Sources */,
				4CFA68EF13ABC822002E6B41 /* Frameworks */,
				4CFA68F013ABC822002E6B41 /* CopyFiles */,
			);
			buildRules = (
			);
			dependencies = (
			);
			name = "769-Zadanie próbne";
			productName = "769-Zadanie próbne";
			productReference = 4CFA68F213ABC822002E6B41 /* 769-Zadanie próbne */;
			productType = "com.apple.product-type.tool";
		};
/* End PBXNativeTarget section */

/* Begin PBXProject section */
		4CFA68E913ABC822002E6B41 /* Project object */ = {
			isa = PBXProject;
			attributes = {
				ORGANIZATIONNAME = Studen;
			};
			buildConfigurationList = 4CFA68EC13ABC822002E6B41 /* Build configuration list for PBXProject "769-Zadanie próbne" */;
			compatibilityVersion = "Xcode 3.2";
			developmentRegion = English;
			hasScannedForEncodings = 0;
			knownRegions = (
				en,
			);
			mainGroup = 4CFA68E713ABC822002E6B41;
			productRefGroup = 4CFA68F313ABC822002E6B41 /* Products */;
			projectDirPath = "";
			projectRoot = "";
			targets = (
				4CFA68F113ABC822002E6B41 /* 769-Zadanie próbne */,
			);
		};
/* End PBXProject section */

/* Begin PBXSourcesBuildPhase section */
		4CFA68EE13ABC822002E6B41 /* Sources */ = {
			isa = PBXSourcesBuildPhase;
			buildActionMask = 2147483647;
			files = (
				4CFA68F713ABC822002E6B41 /* main.cpp in Sources */,
			);
			runOnlyForDeploymentPostprocessing = 0;
		};
/* End PBXSourcesBuildPhase section */

/* Begin XCBuildConfiguration section */
		4CFA68F913ABC822002E6B41 /* Debug */ = {
			isa = XCBuildConfiguration;
			buildSettings = {
				ARCHS = "$(ARCHS_STANDARD_32_64_BIT)";
				GCC_C_LANGUAGE_STANDARD = gnu99;
				GCC_OPTIMIZATION_LEVEL = 0;
				GCC_PREPROCESSOR_DEFINITIONS = DEBUG;
				GCC_SYMBOLS_PRIVATE_EXTERN = NO;
				GCC_VERSION = com.apple.compilers.llvm.clang.1_0;
				GCC_WARN_64_TO_32_BIT_CONVERSION = YES;
				GCC_WARN_ABOUT_RETURN_TYPE = YES;
				GCC_WARN_UNUSED_VARIABLE = YES;
				MACOSX_DEPLOYMENT_TARGET = 10.6;
				ONLY_ACTIVE_ARCH = YES;
				SDKROOT = macosx;
			};
			name = Debug;
		};
		4CFA68FA13ABC822002E6B41 /* Release */ = {
			isa = XCBuildConfiguration;
			buildSettings = {
				ARCHS = "$(ARCHS_STANDARD_32_64_BIT)";
				GCC_C_LANGUAGE_STANDARD = gnu99;
				GCC_VERSION = com.apple.compilers.llvm.clang.1_0;
				GCC_WARN_64_TO_32_BIT_CONVERSION = YES;
				GCC_WARN_ABOUT_RETURN_TYPE = YES;
				GCC_WARN_UNUSED_VARIABLE = YES;
				MACOSX_DEPLOYMENT_TARGET = 10.6;
				SDKROOT = macosx;
			};
			name = Release;
		};
		4CFA68FC13ABC822002E6B41 /* Debug */ = {
			isa = XCBuildConfiguration;
			buildSettings = {
				ALWAYS_SEARCH_USER_PATHS = NO;
				COPY_PHASE_STRIP = NO;
				GCC_DYNAMIC_NO_PIC = NO;
				GCC_ENABLE_OBJC_EXCEPTIONS = YES;
				PRODUCT_NAME = "$(TARGET_NAME)";
			};
			name = Debug;
		};
		4CFA68FD13ABC822002E6B41 /* Release */ = {
			isa = XCBuildConfiguration;
			buildSettings = {
				ALWAYS_SEARCH_USER_PATHS = NO;
				COPY_PHASE_STRIP = YES;
				DEBUG_INFORMATION_FORMAT = "dwarf-with-dsym";
				GCC_ENABLE_OBJC_EXCEPTIONS = YES;
				PRODUCT_NAME = "$(TARGET_NAME)";
			};
			name = Release;
		};
/* End XCBuildConfiguration section */

/* Begin XCConfigurationList section */
		4CFA68EC13ABC822002E6B41 /* Build configuration list for PBXProject "769-Zadanie próbne" */ = {
			isa = XCConfigurationList;
			buildConfigurations = (
				4CFA68F913ABC822002E6B41 /* Debug */,
				4CFA68FA13ABC822002E6B41 /* Release */,
			);
			defaultConfigurationIsVisible = 0;
			defaultConfigurationName = Release;
		};
		4CFA68FB13ABC822002E6B41 /* Build configuration list for PBXNativeTarget "769-Zadanie próbne" */ = {
			isa = XCConfigurationList;
			buildConfigurations = (
				4CFA68FC13ABC822002E6B41 /* Debug */,
				4CFA68FD13ABC822002E6B41 /* Release */,
			);
			defaultConfigurationIsVisible = 0;
		};
/* End XCConfigurationList section */
	};
	rootObject = 4CFA68E913ABC822002E6B41 /* Project object */;
}
