// !$*UTF8*$!
{
	archiveVersion = 1;
	classes = {
	};
	objectVersion = 46;
	objects = {

/* Begin PBXBuildFile section */
		4C844A6F13B3C5B4002AC356 /* main.cpp in Sources */ = {isa = PBXBuildFile; fileRef = 4C844A6E13B3C5B4002AC356 /* main.cpp */; };
/* End PBXBuildFile section */

/* Begin PBXCopyFilesBuildPhase section */
		4C844A6813B3C5B3002AC356 /* CopyFiles */ = {
			isa = PBXCopyFilesBuildPhase;
			buildActionMask = 2147483647;
			dstPath = /usr/share/man/man1/;
			dstSubfolderSpec = 0;
			files = (
			);
			runOnlyForDeploymentPostprocessing = 1;
		};
/* End PBXCopyFilesBuildPhase section */

/* Begin PBXFileReference section */
		4C844A6A13B3C5B3002AC356 /* 4138-Harry and big doughnuts */ = {isa = PBXFileReference; explicitFileType = "compiled.mach-o.executable"; includeInIndex = 0; path = "4138-Harry and big doughnuts"; sourceTree = BUILT_PRODUCTS_DIR; };
		4C844A6E13B3C5B4002AC356 /* main.cpp */ = {isa = PBXFileReference; lastKnownFileType = sourcecode.cpp.cpp; path = main.cpp; sourceTree = "<group>"; };
		4C844A7013B3C5B4002AC356 /* _138_Harry_and_big_doughnuts.1 */ = {isa = PBXFileReference; lastKnownFileType = text.man; path = _138_Harry_and_big_doughnuts.1; sourceTree = "<group>"; };
/* End PBXFileReference section */

/* Begin PBXFrameworksBuildPhase section */
		4C844A6713B3C5B3002AC356 /* Frameworks */ = {
			isa = PBXFrameworksBuildPhase;
			buildActionMask = 2147483647;
			files = (
			);
			runOnlyForDeploymentPostprocessing = 0;
		};
/* End PBXFrameworksBuildPhase section */

/* Begin PBXGroup section */
		4C844A5F13B3C5B3002AC356 = {
			isa = PBXGroup;
			children = (
				4C844A6D13B3C5B3002AC356 /* 4138-Harry and big doughnuts */,
				4C844A6B13B3C5B3002AC356 /* Products */,
			);
			sourceTree = "<group>";
		};
		4C844A6B13B3C5B3002AC356 /* Products */ = {
			isa = PBXGroup;
			children = (
				4C844A6A13B3C5B3002AC356 /* 4138-Harry and big doughnuts */,
			);
			name = Products;
			sourceTree = "<group>";
		};
		4C844A6D13B3C5B3002AC356 /* 4138-Harry and big doughnuts */ = {
			isa = PBXGroup;
			children = (
				4C844A6E13B3C5B4002AC356 /* main.cpp */,
				4C844A7013B3C5B4002AC356 /* _138_Harry_and_big_doughnuts.1 */,
			);
			path = "4138-Harry and big doughnuts";
			sourceTree = "<group>";
		};
/* End PBXGroup section */

/* Begin PBXNativeTarget section */
		4C844A6913B3C5B3002AC356 /* 4138-Harry and big doughnuts */ = {
			isa = PBXNativeTarget;
			buildConfigurationList = 4C844A7313B3C5B4002AC356 /* Build configuration list for PBXNativeTarget "4138-Harry and big doughnuts" */;
			buildPhases = (
				4C844A6613B3C5B3002AC356 /* Sources */,
				4C844A6713B3C5B3002AC356 /* Frameworks */,
				4C844A6813B3C5B3002AC356 /* CopyFiles */,
			);
			buildRules = (
			);
			dependencies = (
			);
			name = "4138-Harry and big doughnuts";
			productName = "4138-Harry and big doughnuts";
			productReference = 4C844A6A13B3C5B3002AC356 /* 4138-Harry and big doughnuts */;
			productType = "com.apple.product-type.tool";
		};
/* End PBXNativeTarget section */

/* Begin PBXProject section */
		4C844A6113B3C5B3002AC356 /* Project object */ = {
			isa = PBXProject;
			attributes = {
				ORGANIZATIONNAME = Studen;
			};
			buildConfigurationList = 4C844A6413B3C5B3002AC356 /* Build configuration list for PBXProject "4138-Harry and big doughnuts" */;
			compatibilityVersion = "Xcode 3.2";
			developmentRegion = English;
			hasScannedForEncodings = 0;
			knownRegions = (
				en,
			);
			mainGroup = 4C844A5F13B3C5B3002AC356;
			productRefGroup = 4C844A6B13B3C5B3002AC356 /* Products */;
			projectDirPath = "";
			projectRoot = "";
			targets = (
				4C844A6913B3C5B3002AC356 /* 4138-Harry and big doughnuts */,
			);
		};
/* End PBXProject section */

/* Begin PBXSourcesBuildPhase section */
		4C844A6613B3C5B3002AC356 /* Sources */ = {
			isa = PBXSourcesBuildPhase;
			buildActionMask = 2147483647;
			files = (
				4C844A6F13B3C5B4002AC356 /* main.cpp in Sources */,
			);
			runOnlyForDeploymentPostprocessing = 0;
		};
/* End PBXSourcesBuildPhase section */

/* Begin XCBuildConfiguration section */
		4C844A7113B3C5B4002AC356 /* Debug */ = {
			isa = XCBuildConfiguration;
			buildSettings = {
				ARCHS = "$(ARCHS_STANDARD_32_64_BIT)";
				GCC_C_LANGUAGE_STANDARD = gnu99;
				GCC_OPTIMIZATION_LEVEL = 0;
				GCC_PREPROCESSOR_DEFINITIONS = DEBUG;
				GCC_SYMBOLS_PRIVATE_EXTERN = NO;
				GCC_VERSION = com.apple.compilers.llvm.clang.1_0;
				GCC_WARN_64_TO_32_BIT_CONVERSION = YES;
				GCC_WARN_ABOUT_RETURN_TYPE = YES;
				GCC_WARN_UNUSED_VARIABLE = YES;
				MACOSX_DEPLOYMENT_TARGET = 10.6;
				ONLY_ACTIVE_ARCH = YES;
				SDKROOT = macosx;
			};
			name = Debug;
		};
		4C844A7213B3C5B4002AC356 /* Release */ = {
			isa = XCBuildConfiguration;
			buildSettings = {
				ARCHS = "$(ARCHS_STANDARD_32_64_BIT)";
				GCC_C_LANGUAGE_STANDARD = gnu99;
				GCC_VERSION = com.apple.compilers.llvm.clang.1_0;
				GCC_WARN_64_TO_32_BIT_CONVERSION = YES;
				GCC_WARN_ABOUT_RETURN_TYPE = YES;
				GCC_WARN_UNUSED_VARIABLE = YES;
				MACOSX_DEPLOYMENT_TARGET = 10.6;
				SDKROOT = macosx;
			};
			name = Release;
		};
		4C844A7413B3C5B4002AC356 /* Debug */ = {
			isa = XCBuildConfiguration;
			buildSettings = {
				ALWAYS_SEARCH_USER_PATHS = NO;
				COPY_PHASE_STRIP = NO;
				GCC_DYNAMIC_NO_PIC = NO;
				GCC_ENABLE_OBJC_EXCEPTIONS = YES;
				PRODUCT_NAME = "$(TARGET_NAME)";
			};
			name = Debug;
		};
		4C844A7513B3C5B4002AC356 /* Release */ = {
			isa = XCBuildConfiguration;
			buildSettings = {
				ALWAYS_SEARCH_USER_PATHS = NO;
				COPY_PHASE_STRIP = YES;
				DEBUG_INFORMATION_FORMAT = "dwarf-with-dsym";
				GCC_ENABLE_OBJC_EXCEPTIONS = YES;
				PRODUCT_NAME = "$(TARGET_NAME)";
			};
			name = Release;
		};
/* End XCBuildConfiguration section */

/* Begin XCConfigurationList section */
		4C844A6413B3C5B3002AC356 /* Build configuration list for PBXProject "4138-Harry and big doughnuts" */ = {
			isa = XCConfigurationList;
			buildConfigurations = (
				4C844A7113B3C5B4002AC356 /* Debug */,
				4C844A7213B3C5B4002AC356 /* Release */,
			);
			defaultConfigurationIsVisible = 0;
			defaultConfigurationName = Release;
		};
		4C844A7313B3C5B4002AC356 /* Build configuration list for PBXNativeTarget "4138-Harry and big doughnuts" */ = {
			isa = XCConfigurationList;
			buildConfigurations = (
				4C844A7413B3C5B4002AC356 /* Debug */,
				4C844A7513B3C5B4002AC356 /* Release */,
			);
			defaultConfigurationIsVisible = 0;
		};
/* End XCConfigurationList section */
	};
	rootObject = 4C844A6113B3C5B3002AC356 /* Project object */;
}
