// !$*UTF8*$!
{
	archiveVersion = 1;
	classes = {
	};
	objectVersion = 46;
	objects = {

/* Begin PBXBuildFile section */
		4C598E3C13CF10CE00607B5F /* main.cpp in Sources */ = {isa = PBXBuildFile; fileRef = 4C598E3B13CF10CE00607B5F /* main.cpp */; };
/* End PBXBuildFile section */

/* Begin PBXCopyFilesBuildPhase section */
		4C598E3513CF10CE00607B5F /* CopyFiles */ = {
			isa = PBXCopyFilesBuildPhase;
			buildActionMask = 2147483647;
			dstPath = /usr/share/man/man1/;
			dstSubfolderSpec = 0;
			files = (
			);
			runOnlyForDeploymentPostprocessing = 1;
		};
/* End PBXCopyFilesBuildPhase section */

/* Begin PBXFileReference section */
		4C598E3713CF10CE00607B5F /* 4256-Wiele czerwonych kwadratów */ = {isa = PBXFileReference; explicitFileType = "compiled.mach-o.executable"; includeInIndex = 0; path = "4256-Wiele czerwonych kwadratów"; sourceTree = BUILT_PRODUCTS_DIR; };
		4C598E3B13CF10CE00607B5F /* main.cpp */ = {isa = PBXFileReference; lastKnownFileType = sourcecode.cpp.cpp; path = main.cpp; sourceTree = "<group>"; };
		4C598E3D13CF10CE00607B5F /* _256_Wiele_czerwonych_kwadrato_w.1 */ = {isa = PBXFileReference; lastKnownFileType = text.man; path = _256_Wiele_czerwonych_kwadrato_w.1; sourceTree = "<group>"; };
/* End PBXFileReference section */

/* Begin PBXFrameworksBuildPhase section */
		4C598E3413CF10CE00607B5F /* Frameworks */ = {
			isa = PBXFrameworksBuildPhase;
			buildActionMask = 2147483647;
			files = (
			);
			runOnlyForDeploymentPostprocessing = 0;
		};
/* End PBXFrameworksBuildPhase section */

/* Begin PBXGroup section */
		4C598E2C13CF10CE00607B5F = {
			isa = PBXGroup;
			children = (
				4C598E3A13CF10CE00607B5F /* 4256-Wiele czerwonych kwadratów */,
				4C598E3813CF10CE00607B5F /* Products */,
			);
			sourceTree = "<group>";
		};
		4C598E3813CF10CE00607B5F /* Products */ = {
			isa = PBXGroup;
			children = (
				4C598E3713CF10CE00607B5F /* 4256-Wiele czerwonych kwadratów */,
			);
			name = Products;
			sourceTree = "<group>";
		};
		4C598E3A13CF10CE00607B5F /* 4256-Wiele czerwonych kwadratów */ = {
			isa = PBXGroup;
			children = (
				4C598E3B13CF10CE00607B5F /* main.cpp */,
				4C598E3D13CF10CE00607B5F /* _256_Wiele_czerwonych_kwadrato_w.1 */,
			);
			path = "4256-Wiele czerwonych kwadratów";
			sourceTree = "<group>";
		};
/* End PBXGroup section */

/* Begin PBXNativeTarget section */
		4C598E3613CF10CE00607B5F /* 4256-Wiele czerwonych kwadratów */ = {
			isa = PBXNativeTarget;
			buildConfigurationList = 4C598E4013CF10CE00607B5F /* Build configuration list for PBXNativeTarget "4256-Wiele czerwonych kwadratów" */;
			buildPhases = (
				4C598E3313CF10CE00607B5F /* Sources */,
				4C598E3413CF10CE00607B5F /* Frameworks */,
				4C598E3513CF10CE00607B5F /* CopyFiles */,
			);
			buildRules = (
			);
			dependencies = (
			);
			name = "4256-Wiele czerwonych kwadratów";
			productName = "4256-Wiele czerwonych kwadratów";
			productReference = 4C598E3713CF10CE00607B5F /* 4256-Wiele czerwonych kwadratów */;
			productType = "com.apple.product-type.tool";
		};
/* End PBXNativeTarget section */

/* Begin PBXProject section */
		4C598E2E13CF10CE00607B5F /* Project object */ = {
			isa = PBXProject;
			attributes = {
				ORGANIZATIONNAME = Studen;
			};
			buildConfigurationList = 4C598E3113CF10CE00607B5F /* Build configuration list for PBXProject "4256-Wiele czerwonych kwadratów" */;
			compatibilityVersion = "Xcode 3.2";
			developmentRegion = English;
			hasScannedForEncodings = 0;
			knownRegions = (
				en,
			);
			mainGroup = 4C598E2C13CF10CE00607B5F;
			productRefGroup = 4C598E3813CF10CE00607B5F /* Products */;
			projectDirPath = "";
			projectRoot = "";
			targets = (
				4C598E3613CF10CE00607B5F /* 4256-Wiele czerwonych kwadratów */,
			);
		};
/* End PBXProject section */

/* Begin PBXSourcesBuildPhase section */
		4C598E3313CF10CE00607B5F /* Sources */ = {
			isa = PBXSourcesBuildPhase;
			buildActionMask = 2147483647;
			files = (
				4C598E3C13CF10CE00607B5F /* main.cpp in Sources */,
			);
			runOnlyForDeploymentPostprocessing = 0;
		};
/* End PBXSourcesBuildPhase section */

/* Begin XCBuildConfiguration section */
		4C598E3E13CF10CE00607B5F /* Debug */ = {
			isa = XCBuildConfiguration;
			buildSettings = {
				ARCHS = "$(ARCHS_STANDARD_32_64_BIT)";
				GCC_C_LANGUAGE_STANDARD = gnu99;
				GCC_OPTIMIZATION_LEVEL = 0;
				GCC_PREPROCESSOR_DEFINITIONS = DEBUG;
				GCC_SYMBOLS_PRIVATE_EXTERN = NO;
				GCC_VERSION = com.apple.compilers.llvm.clang.1_0;
				GCC_WARN_64_TO_32_BIT_CONVERSION = YES;
				GCC_WARN_ABOUT_RETURN_TYPE = YES;
				GCC_WARN_UNUSED_VARIABLE = YES;
				MACOSX_DEPLOYMENT_TARGET = 10.6;
				ONLY_ACTIVE_ARCH = YES;
				SDKROOT = macosx;
			};
			name = Debug;
		};
		4C598E3F13CF10CE00607B5F /* Release */ = {
			isa = XCBuildConfiguration;
			buildSettings = {
				ARCHS = "$(ARCHS_STANDARD_32_64_BIT)";
				GCC_C_LANGUAGE_STANDARD = gnu99;
				GCC_VERSION = com.apple.compilers.llvm.clang.1_0;
				GCC_WARN_64_TO_32_BIT_CONVERSION = YES;
				GCC_WARN_ABOUT_RETURN_TYPE = YES;
				GCC_WARN_UNUSED_VARIABLE = YES;
				MACOSX_DEPLOYMENT_TARGET = 10.6;
				SDKROOT = macosx;
			};
			name = Release;
		};
		4C598E4113CF10CE00607B5F /* Debug */ = {
			isa = XCBuildConfiguration;
			buildSettings = {
				ALWAYS_SEARCH_USER_PATHS = NO;
				COPY_PHASE_STRIP = NO;
				GCC_DYNAMIC_NO_PIC = NO;
				GCC_ENABLE_OBJC_EXCEPTIONS = YES;
				PRODUCT_NAME = "$(TARGET_NAME)";
			};
			name = Debug;
		};
		4C598E4213CF10CE00607B5F /* Release */ = {
			isa = XCBuildConfiguration;
			buildSettings = {
				ALWAYS_SEARCH_USER_PATHS = NO;
				COPY_PHASE_STRIP = YES;
				DEBUG_INFORMATION_FORMAT = "dwarf-with-dsym";
				GCC_ENABLE_OBJC_EXCEPTIONS = YES;
				PRODUCT_NAME = "$(TARGET_NAME)";
			};
			name = Release;
		};
/* End XCBuildConfiguration section */

/* Begin XCConfigurationList section */
		4C598E3113CF10CE00607B5F /* Build configuration list for PBXProject "4256-Wiele czerwonych kwadratów" */ = {
			isa = XCConfigurationList;
			buildConfigurations = (
				4C598E3E13CF10CE00607B5F /* Debug */,
				4C598E3F13CF10CE00607B5F /* Release */,
			);
			defaultConfigurationIsVisible = 0;
			defaultConfigurationName = Release;
		};
		4C598E4013CF10CE00607B5F /* Build configuration list for PBXNativeTarget "4256-Wiele czerwonych kwadratów" */ = {
			isa = XCConfigurationList;
			buildConfigurations = (
				4C598E4113CF10CE00607B5F /* Debug */,
				4C598E4213CF10CE00607B5F /* Release */,
			);
			defaultConfigurationIsVisible = 0;
		};
/* End XCConfigurationList section */
	};
	rootObject = 4C598E2E13CF10CE00607B5F /* Project object */;
}
